
Microsoft Visual Studio Solution File, Format Version 12.00
# Visual Studio 15
VisualStudioVersion = 15.0.28307.489
MinimumVisualStudioVersion = 10.0.40219.1
Project("{FAE04EC0-301F-11D3-BF4B-00C04F79EFBC}") = "WeatherApp", "WeatherApp\WeatherApp.csproj", "{9A6B76A6-83AC-49F9-84AD-3F0F7497A4A7}"
EndProject
Global
	GlobalSection(SolutionConfigurationPlatforms) = preSolution
		Debug|Any CPU = Debug|Any CPU
		Release|Any CPU = Release|Any CPU
	EndGlobalSection
	GlobalSection(ProjectConfigurationPlatforms) = postSolution
		{9A6B76A6-83AC-49F9-84AD-3F0F7497A4A7}.Debug|Any CPU.ActiveCfg = Debug|Any CPU
		{9A6B76A6-83AC-49F9-84AD-3F0F7497A4A7}.Debug|Any CPU.Build.0 = Debug|Any CPU
		{9A6B76A6-83AC-49F9-84AD-3F0F7497A4A7}.Release|Any CPU.ActiveCfg = Release|Any CPU
		{9A6B76A6-83AC-49F9-84AD-3F0F7497A4A7}.Release|Any CPU.Build.0 = Release|Any CPU
	EndGlobalSection
	GlobalSection(SolutionProperties) = preSolution
		HideSolutionNode = FALSE
	EndGlobalSection
	GlobalSection(ExtensibilityGlobals) = postSolution
		SolutionGuid = {8FE6FED7-12F8-40A7-BDD0-2D0A27DD5521}
	EndGlobalSection
EndGlobal
